{
  "name": "be-value-added",
  "version": "0.0.0",
  "lockfileVersion": 3,
  "requires": true,
  "packages": {
    "": {
      "name": "be-value-added",
      "version": "0.0.0",
      "license": "MIT",
      "dependencies": {
        "be-enhanced": "0.0.36",
        "trans-render": "0.0.699"
      }
    },
    "node_modules/be-enhanced": {
      "version": "0.0.36",
      "resolved": "https://registry.npmjs.org/be-enhanced/-/be-enhanced-0.0.36.tgz",
      "integrity": "sha512-0WDT87MS41AAqR68ZayUfgmE2KSAAYYKnT3sxkPrIW/q8rtezrmL+cS2hOMfTQq2ME5mEk4GtBRyj/GZlbQRuw==",
      "dependencies": {
        "trans-render": "0.0.699",
        "xtal-element": "0.0.574"
      }
    },
    "node_modules/trans-render": {
      "version": "0.0.699",
      "resolved": "https://registry.npmjs.org/trans-render/-/trans-render-0.0.699.tgz",
      "integrity": "sha512-BZtdj/qq1zgRwz3QWjdVfKvh4HlTmbNDBnZeeVx/D0eFGkGdulJiybAtJgGB5NMEnVPLnmplrDGtAfMT3Vlp+Q=="
    },
    "node_modules/xtal-element": {
      "version": "0.0.574",
      "resolved": "https://registry.npmjs.org/xtal-element/-/xtal-element-0.0.574.tgz",
      "integrity": "sha512-EpunHHnHSiEPMeSi+HiSk2S1zR/Ol0zqAvuiPEyjTV1hkajv5nw1WPUtXdXwRQr35c0nARaiCW3aUlkzETzxFw==",
      "dependencies": {
        "trans-render": "0.0.699"
      }
    }
  }
}
